
Microsoft Visual Studio Solution File, Format Version 12.00
# Visual Studio Version 17
VisualStudioVersion = 17.5.002.0
MinimumVisualStudioVersion = 10.0.40219.1
Project("{9A19103F-16F7-4668-BE54-9A1E7A4F7556}") = "UsuarioWebAPI", "UsuarioWebAPI\UsuarioWebAPI.csproj", "{EDDAD1BD-9BEC-490C-9D78-75242CB98177}"
EndProject
Project("{FAE04EC0-301F-11D3-BF4B-00C04F79EFBC}") = "UsuarioWebAPI.Tests", "UsuarioWebAPI.Tests\UsuarioWebAPI.Tests.csproj", "{2900B883-32DB-47C5-B220-6C4A42A2D614}"
EndProject
Global
	GlobalSection(SolutionConfigurationPlatforms) = preSolution
		Debug|Any CPU = Debug|Any CPU
		Release|Any CPU = Release|Any CPU
	EndGlobalSection
	GlobalSection(ProjectConfigurationPlatforms) = postSolution
		{EDDAD1BD-9BEC-490C-9D78-75242CB98177}.Debug|Any CPU.ActiveCfg = Debug|Any CPU
		{EDDAD1BD-9BEC-490C-9D78-75242CB98177}.Debug|Any CPU.Build.0 = Debug|Any CPU
		{EDDAD1BD-9BEC-490C-9D78-75242CB98177}.Release|Any CPU.ActiveCfg = Release|Any CPU
		{EDDAD1BD-9BEC-490C-9D78-75242CB98177}.Release|Any CPU.Build.0 = Release|Any CPU
		{2900B883-32DB-47C5-B220-6C4A42A2D614}.Debug|Any CPU.ActiveCfg = Debug|Any CPU
		{2900B883-32DB-47C5-B220-6C4A42A2D614}.Debug|Any CPU.Build.0 = Debug|Any CPU
		{2900B883-32DB-47C5-B220-6C4A42A2D614}.Release|Any CPU.ActiveCfg = Release|Any CPU
		{2900B883-32DB-47C5-B220-6C4A42A2D614}.Release|Any CPU.Build.0 = Release|Any CPU
	EndGlobalSection
	GlobalSection(SolutionProperties) = preSolution
		HideSolutionNode = FALSE
	EndGlobalSection
	GlobalSection(ExtensibilityGlobals) = postSolution
		SolutionGuid = {5896284F-670E-47A9-A94B-B886040645CA}
	EndGlobalSection
EndGlobal
